
Microsoft Visual Studio Solution File, Format Version 12.00
# Visual Studio Version 17
VisualStudioVersion = 17.2.32630.192
MinimumVisualStudioVersion = 10.0.40219.1
Project("{9A19103F-16F7-4668-BE54-9A1E7A4F7556}") = "Receive", "Receive.csproj", "{9EEF803C-41AF-481A-A7F3-C485C1F13F31}"
EndProject
Global
	GlobalSection(SolutionConfigurationPlatforms) = preSolution
		Debug|Any CPU = Debug|Any CPU
		Release|Any CPU = Release|Any CPU
	EndGlobalSection
	GlobalSection(ProjectConfigurationPlatforms) = postSolution
		{9EEF803C-41AF-481A-A7F3-C485C1F13F31}.Debug|Any CPU.ActiveCfg = Debug|Any CPU
		{9EEF803C-41AF-481A-A7F3-C485C1F13F31}.Debug|Any CPU.Build.0 = Debug|Any CPU
		{9EEF803C-41AF-481A-A7F3-C485C1F13F31}.Release|Any CPU.ActiveCfg = Release|Any CPU
		{9EEF803C-41AF-481A-A7F3-C485C1F13F31}.Release|Any CPU.Build.0 = Release|Any CPU
	EndGlobalSection
	GlobalSection(SolutionProperties) = preSolution
		HideSolutionNode = FALSE
	EndGlobalSection
	GlobalSection(ExtensibilityGlobals) = postSolution
		SolutionGuid = {2DD97526-8C8A-4FE8-B81B-DBAE4EB299CD}
	EndGlobalSection
EndGlobal
